<?xml version="1.0" encoding="utf-8"?>
<Project ToolsVersion="4.0" xmlns="http://schemas.microsoft.com/developer/msbuild/2003">
  <ItemGroup>
    <Filter Include="Source Files">
      <UniqueIdentifier>{4FC737F1-C7A5-4376-A066-2A32D752A2FF}</UniqueIdentifier>
      <Extensions>cpp;c;cc;cxx;def;odl;idl;hpj;bat;asm;asmx</Extensions>
    </Filter>
    <Filter Include="Header Files">
      <UniqueIdentifier>{93995380-89BD-4b04-88EB-625FBE52EBFB}</UniqueIdentifier>
      <Extensions>h;hh;hpp;hxx;hm;inl;inc;xsd</Extensions>
    </Filter>
    <Filter Include="Resource Files">
      <UniqueIdentifier>{67DA6AB6-F800-4c08-8B7A-83BB121AAD01}</UniqueIdentifier>
      <Extensions>rc;ico;cur;bmp;dlg;rc2;rct;bin;rgs;gif;jpg;jpeg;jpe;resx;tiff;tif;png;wav;mfcribbon-ms</Extensions>
    </Filter>
  </ItemGroup>
  <ItemGroup>
    <ClCompile Include="9.1 산술 연산자 오버로딩 하기.cpp">
      <Filter>Source Files</Filter>
    </ClCompile>
    <ClCompile Include="9.2 입출력 연산자 오버로딩 하기.cpp">
      <Filter>Source Files</Filter>
    </ClCompile>
    <ClCompile Include="9.3 단항 연산자 오버로딩 하기.cpp">
      <Filter>Source Files</Filter>
    </ClCompile>
    <ClCompile Include="9.4 비교 연산자 오버로딩 하기.cpp">
      <Filter>Source Files</Filter>
    </ClCompile>
    <ClCompile Include="9.5 증감 연산자 오버로딩 하기.cpp">
      <Filter>Source Files</Filter>
    </ClCompile>
    <ClCompile Include="9.6 첨자 연산자 오버로딩 하기.cpp">
      <Filter>Source Files</Filter>
    </ClCompile>
    <ClCompile Include="9.6 첨자 연산자 오버로딩 하기_2.cpp">
      <Filter>Source Files</Filter>
    </ClCompile>
    <ClCompile Include="9.7 괄호 연산자 오버로딩과 함수 객체.cpp">
      <Filter>Source Files</Filter>
    </ClCompile>
    <ClCompile Include="9.8 형변환을 오버로딩 하기.cpp">
      <Filter>Source Files</Filter>
    </ClCompile>
    <ClCompile Include="9.9 복사 생성자, 복사 초기화 반환값 최적화.cpp">
      <Filter>Source Files</Filter>
    </ClCompile>
    <ClCompile Include="9.10 변환 생성자, explicit, delete.cpp">
      <Filter>Source Files</Filter>
    </ClCompile>
    <ClCompile Include="9.11 대입 연산자 오버로딩, 깊은 복사, 얕은 복사.cpp">
      <Filter>Source Files</Filter>
    </ClCompile>
    <ClCompile Include="9.11 대입 연산자 오버로딩, 깊은 복사, 얕은 복사_2.cpp">
      <Filter>Source Files</Filter>
    </ClCompile>
    <ClCompile Include="9.12 이니셜라이져 리스트 initializer list.cpp">
      <Filter>Source Files</Filter>
    </ClCompile>
  </ItemGroup>
</Project>