
Microsoft Visual Studio Solution File, Format Version 12.00
# Visual Studio 14
VisualStudioVersion = 14.0.25420.1
MinimumVisualStudioVersion = 10.0.40219.1
Project("{8BC9CEB8-8B4A-11D0-8D11-00A0C91BC942}") = "Rendering a Triangle", "Rendering a Triangle.vcxproj", "{D43CA4F0-D9BA-4127-A8B1-F8C10CBEEF3D}"
EndProject
Project("{8BC9CEB8-8B4A-11D0-8D11-00A0C91BC942}") = "Rendering Simple Shapes", "..\Rendering Simple Shapes\Rendering Simple Shapes.vcxproj", "{1FC00CE8-7D3B-473C-9962-5B3028AAD3A7}"
EndProject
Global
	GlobalSection(SolutionConfigurationPlatforms) = preSolution
		Debug|x64 = Debug|x64
		Debug|x86 = Debug|x86
		Release|x64 = Release|x64
		Release|x86 = Release|x86
	EndGlobalSection
	GlobalSection(ProjectConfigurationPlatforms) = postSolution
		{D43CA4F0-D9BA-4127-A8B1-F8C10CBEEF3D}.Debug|x64.ActiveCfg = Debug|x64
		{D43CA4F0-D9BA-4127-A8B1-F8C10CBEEF3D}.Debug|x64.Build.0 = Debug|x64
		{D43CA4F0-D9BA-4127-A8B1-F8C10CBEEF3D}.Debug|x86.ActiveCfg = Debug|Win32
		{D43CA4F0-D9BA-4127-A8B1-F8C10CBEEF3D}.Debug|x86.Build.0 = Debug|Win32
		{D43CA4F0-D9BA-4127-A8B1-F8C10CBEEF3D}.Release|x64.ActiveCfg = Release|x64
		{D43CA4F0-D9BA-4127-A8B1-F8C10CBEEF3D}.Release|x64.Build.0 = Release|x64
		{D43CA4F0-D9BA-4127-A8B1-F8C10CBEEF3D}.Release|x86.ActiveCfg = Release|Win32
		{D43CA4F0-D9BA-4127-A8B1-F8C10CBEEF3D}.Release|x86.Build.0 = Release|Win32
		{1FC00CE8-7D3B-473C-9962-5B3028AAD3A7}.Debug|x64.ActiveCfg = Debug|x64
		{1FC00CE8-7D3B-473C-9962-5B3028AAD3A7}.Debug|x64.Build.0 = Debug|x64
		{1FC00CE8-7D3B-473C-9962-5B3028AAD3A7}.Debug|x86.ActiveCfg = Debug|Win32
		{1FC00CE8-7D3B-473C-9962-5B3028AAD3A7}.Debug|x86.Build.0 = Debug|Win32
		{1FC00CE8-7D3B-473C-9962-5B3028AAD3A7}.Release|x64.ActiveCfg = Release|x64
		{1FC00CE8-7D3B-473C-9962-5B3028AAD3A7}.Release|x64.Build.0 = Release|x64
		{1FC00CE8-7D3B-473C-9962-5B3028AAD3A7}.Release|x86.ActiveCfg = Release|Win32
		{1FC00CE8-7D3B-473C-9962-5B3028AAD3A7}.Release|x86.Build.0 = Release|Win32
	EndGlobalSection
	GlobalSection(SolutionProperties) = preSolution
		HideSolutionNode = FALSE
	EndGlobalSection
EndGlobal
